github.com/dave/jennifer v1.7.1 h1:B4jJJDHelWcDhlRQxWeo0Npa/pYKBLrirAQoTN45txo=
github.com/dave/jennifer v1.7.1/go.mod h1:nXbxhEmQfOZhWml3D1cDK5M1FLnMSozpbFN/m3RmGZc=
github.com/hbollon/go-edlib v1.6.0 h1:ga7AwwVIvP8mHm9GsPueC0d71cfRU/52hmPJ7Tprv4E=
github.com/hbollon/go-edlib v1.6.0/go.mod h1:wnt6o6EIVEzUfgbUZY7BerzQ2uvzp354qmS2xaLkrhM=
